
Microsoft Visual Studio Solution File, Format Version 12.00
# Visual Studio Version 16
VisualStudioVersion = 16.0.29519.181
MinimumVisualStudioVersion = 10.0.40219.1
Project("{2150E333-8FDC-42A3-9474-1A3956D46DE8}") = "UWP", "UWP", "{CCB258A4-6887-47CB-8D95-A3CC69CF5DCB}"
EndProject
Project("{2150E333-8FDC-42A3-9474-1A3956D46DE8}") = "WPF", "WPF", "{B98AF11A-E296-40CE-ACDE-EB2F8BB46695}"
EndProject
Project("{FAE04EC0-301F-11D3-BF4B-00C04F79EFBC}") = "UwpFramework", "UwpFramework\UwpFramework.csproj", "{17F5D9A9-B4A6-4ED8-A70C-133CD2663059}"
EndProject
Project("{FAE04EC0-301F-11D3-BF4B-00C04F79EFBC}") = "UwpApp", "UwpApp\UwpApp.csproj", "{81EF89B9-5CDB-4940-A359-7C0E27B1BC78}"
EndProject
Project("{9A19103F-16F7-4668-BE54-9A1E7A4F7556}") = "CoreWpfFramework", "CoreWpfFramework\CoreWpfFramework.csproj", "{1DFC8441-045E-4D62-BD79-13F6A135EB8C}"
EndProject
Project("{9A19103F-16F7-4668-BE54-9A1E7A4F7556}") = "CoreWpfApp", "CoreWpfApp\CoreWpfApp.csproj", "{8D3A019C-E102-47D2-A635-59A6D1CA1B0C}"
EndProject
Global
	GlobalSection(SolutionConfigurationPlatforms) = preSolution
		Debug|Any CPU = Debug|Any CPU
		Debug|ARM = Debug|ARM
		Debug|ARM64 = Debug|ARM64
		Debug|x64 = Debug|x64
		Debug|x86 = Debug|x86
		Release|Any CPU = Release|Any CPU
		Release|ARM = Release|ARM
		Release|ARM64 = Release|ARM64
		Release|x64 = Release|x64
		Release|x86 = Release|x86
	EndGlobalSection
	GlobalSection(ProjectConfigurationPlatforms) = postSolution
		{17F5D9A9-B4A6-4ED8-A70C-133CD2663059}.Debug|Any CPU.ActiveCfg = Debug|Any CPU
		{17F5D9A9-B4A6-4ED8-A70C-133CD2663059}.Debug|Any CPU.Build.0 = Debug|Any CPU
		{17F5D9A9-B4A6-4ED8-A70C-133CD2663059}.Debug|ARM.ActiveCfg = Debug|ARM
		{17F5D9A9-B4A6-4ED8-A70C-133CD2663059}.Debug|ARM.Build.0 = Debug|ARM
		{17F5D9A9-B4A6-4ED8-A70C-133CD2663059}.Debug|ARM64.ActiveCfg = Debug|ARM64
		{17F5D9A9-B4A6-4ED8-A70C-133CD2663059}.Debug|ARM64.Build.0 = Debug|ARM64
		{17F5D9A9-B4A6-4ED8-A70C-133CD2663059}.Debug|x64.ActiveCfg = Debug|x64
		{17F5D9A9-B4A6-4ED8-A70C-133CD2663059}.Debug|x64.Build.0 = Debug|x64
		{17F5D9A9-B4A6-4ED8-A70C-133CD2663059}.Debug|x86.ActiveCfg = Debug|x86
		{17F5D9A9-B4A6-4ED8-A70C-133CD2663059}.Debug|x86.Build.0 = Debug|x86
		{17F5D9A9-B4A6-4ED8-A70C-133CD2663059}.Release|Any CPU.ActiveCfg = Release|Any CPU
		{17F5D9A9-B4A6-4ED8-A70C-133CD2663059}.Release|Any CPU.Build.0 = Release|Any CPU
		{17F5D9A9-B4A6-4ED8-A70C-133CD2663059}.Release|ARM.ActiveCfg = Release|ARM
		{17F5D9A9-B4A6-4ED8-A70C-133CD2663059}.Release|ARM.Build.0 = Release|ARM
		{17F5D9A9-B4A6-4ED8-A70C-133CD2663059}.Release|ARM64.ActiveCfg = Release|ARM64
		{17F5D9A9-B4A6-4ED8-A70C-133CD2663059}.Release|ARM64.Build.0 = Release|ARM64
		{17F5D9A9-B4A6-4ED8-A70C-133CD2663059}.Release|x64.ActiveCfg = Release|x64
		{17F5D9A9-B4A6-4ED8-A70C-133CD2663059}.Release|x64.Build.0 = Release|x64
		{17F5D9A9-B4A6-4ED8-A70C-133CD2663059}.Release|x86.ActiveCfg = Release|x86
		{17F5D9A9-B4A6-4ED8-A70C-133CD2663059}.Release|x86.Build.0 = Release|x86
		{81EF89B9-5CDB-4940-A359-7C0E27B1BC78}.Debug|Any CPU.ActiveCfg = Debug|x86
		{81EF89B9-5CDB-4940-A359-7C0E27B1BC78}.Debug|ARM.ActiveCfg = Debug|ARM
		{81EF89B9-5CDB-4940-A359-7C0E27B1BC78}.Debug|ARM.Build.0 = Debug|ARM
		{81EF89B9-5CDB-4940-A359-7C0E27B1BC78}.Debug|ARM.Deploy.0 = Debug|ARM
		{81EF89B9-5CDB-4940-A359-7C0E27B1BC78}.Debug|ARM64.ActiveCfg = Debug|ARM64
		{81EF89B9-5CDB-4940-A359-7C0E27B1BC78}.Debug|ARM64.Build.0 = Debug|ARM64
		{81EF89B9-5CDB-4940-A359-7C0E27B1BC78}.Debug|ARM64.Deploy.0 = Debug|ARM64
		{81EF89B9-5CDB-4940-A359-7C0E27B1BC78}.Debug|x64.ActiveCfg = Debug|x64
		{81EF89B9-5CDB-4940-A359-7C0E27B1BC78}.Debug|x64.Build.0 = Debug|x64
		{81EF89B9-5CDB-4940-A359-7C0E27B1BC78}.Debug|x64.Deploy.0 = Debug|x64
		{81EF89B9-5CDB-4940-A359-7C0E27B1BC78}.Debug|x86.ActiveCfg = Debug|x86
		{81EF89B9-5CDB-4940-A359-7C0E27B1BC78}.Debug|x86.Build.0 = Debug|x86
		{81EF89B9-5CDB-4940-A359-7C0E27B1BC78}.Debug|x86.Deploy.0 = Debug|x86
		{81EF89B9-5CDB-4940-A359-7C0E27B1BC78}.Release|Any CPU.ActiveCfg = Release|x86
		{81EF89B9-5CDB-4940-A359-7C0E27B1BC78}.Release|ARM.ActiveCfg = Release|ARM
		{81EF89B9-5CDB-4940-A359-7C0E27B1BC78}.Release|ARM.Build.0 = Release|ARM
		{81EF89B9-5CDB-4940-A359-7C0E27B1BC78}.Release|ARM.Deploy.0 = Release|ARM
		{81EF89B9-5CDB-4940-A359-7C0E27B1BC78}.Release|ARM64.ActiveCfg = Release|ARM64
		{81EF89B9-5CDB-4940-A359-7C0E27B1BC78}.Release|ARM64.Build.0 = Release|ARM64
		{81EF89B9-5CDB-4940-A359-7C0E27B1BC78}.Release|ARM64.Deploy.0 = Release|ARM64
		{81EF89B9-5CDB-4940-A359-7C0E27B1BC78}.Release|x64.ActiveCfg = Release|x64
		{81EF89B9-5CDB-4940-A359-7C0E27B1BC78}.Release|x64.Build.0 = Release|x64
		{81EF89B9-5CDB-4940-A359-7C0E27B1BC78}.Release|x64.Deploy.0 = Release|x64
		{81EF89B9-5CDB-4940-A359-7C0E27B1BC78}.Release|x86.ActiveCfg = Release|x86
		{81EF89B9-5CDB-4940-A359-7C0E27B1BC78}.Release|x86.Build.0 = Release|x86
		{81EF89B9-5CDB-4940-A359-7C0E27B1BC78}.Release|x86.Deploy.0 = Release|x86
		{1DFC8441-045E-4D62-BD79-13F6A135EB8C}.Debug|Any CPU.ActiveCfg = Debug|Any CPU
		{1DFC8441-045E-4D62-BD79-13F6A135EB8C}.Debug|Any CPU.Build.0 = Debug|Any CPU
		{1DFC8441-045E-4D62-BD79-13F6A135EB8C}.Debug|ARM.ActiveCfg = Debug|Any CPU
		{1DFC8441-045E-4D62-BD79-13F6A135EB8C}.Debug|ARM.Build.0 = Debug|Any CPU
		{1DFC8441-045E-4D62-BD79-13F6A135EB8C}.Debug|ARM64.ActiveCfg = Debug|Any CPU
		{1DFC8441-045E-4D62-BD79-13F6A135EB8C}.Debug|ARM64.Build.0 = Debug|Any CPU
		{1DFC8441-045E-4D62-BD79-13F6A135EB8C}.Debug|x64.ActiveCfg = Debug|Any CPU
		{1DFC8441-045E-4D62-BD79-13F6A135EB8C}.Debug|x64.Build.0 = Debug|Any CPU
		{1DFC8441-045E-4D62-BD79-13F6A135EB8C}.Debug|x86.ActiveCfg = Debug|Any CPU
		{1DFC8441-045E-4D62-BD79-13F6A135EB8C}.Debug|x86.Build.0 = Debug|Any CPU
		{1DFC8441-045E-4D62-BD79-13F6A135EB8C}.Release|Any CPU.ActiveCfg = Release|Any CPU
		{1DFC8441-045E-4D62-BD79-13F6A135EB8C}.Release|Any CPU.Build.0 = Release|Any CPU
		{1DFC8441-045E-4D62-BD79-13F6A135EB8C}.Release|ARM.ActiveCfg = Release|Any CPU
		{1DFC8441-045E-4D62-BD79-13F6A135EB8C}.Release|ARM.Build.0 = Release|Any CPU
		{1DFC8441-045E-4D62-BD79-13F6A135EB8C}.Release|ARM64.ActiveCfg = Release|Any CPU
		{1DFC8441-045E-4D62-BD79-13F6A135EB8C}.Release|ARM64.Build.0 = Release|Any CPU
		{1DFC8441-045E-4D62-BD79-13F6A135EB8C}.Release|x64.ActiveCfg = Release|Any CPU
		{1DFC8441-045E-4D62-BD79-13F6A135EB8C}.Release|x64.Build.0 = Release|Any CPU
		{1DFC8441-045E-4D62-BD79-13F6A135EB8C}.Release|x86.ActiveCfg = Release|Any CPU
		{1DFC8441-045E-4D62-BD79-13F6A135EB8C}.Release|x86.Build.0 = Release|Any CPU
		{8D3A019C-E102-47D2-A635-59A6D1CA1B0C}.Debug|Any CPU.ActiveCfg = Debug|Any CPU
		{8D3A019C-E102-47D2-A635-59A6D1CA1B0C}.Debug|Any CPU.Build.0 = Debug|Any CPU
		{8D3A019C-E102-47D2-A635-59A6D1CA1B0C}.Debug|ARM.ActiveCfg = Debug|Any CPU
		{8D3A019C-E102-47D2-A635-59A6D1CA1B0C}.Debug|ARM.Build.0 = Debug|Any CPU
		{8D3A019C-E102-47D2-A635-59A6D1CA1B0C}.Debug|ARM64.ActiveCfg = Debug|Any CPU
		{8D3A019C-E102-47D2-A635-59A6D1CA1B0C}.Debug|ARM64.Build.0 = Debug|Any CPU
		{8D3A019C-E102-47D2-A635-59A6D1CA1B0C}.Debug|x64.ActiveCfg = Debug|Any CPU
		{8D3A019C-E102-47D2-A635-59A6D1CA1B0C}.Debug|x64.Build.0 = Debug|Any CPU
		{8D3A019C-E102-47D2-A635-59A6D1CA1B0C}.Debug|x86.ActiveCfg = Debug|Any CPU
		{8D3A019C-E102-47D2-A635-59A6D1CA1B0C}.Debug|x86.Build.0 = Debug|Any CPU
		{8D3A019C-E102-47D2-A635-59A6D1CA1B0C}.Release|Any CPU.ActiveCfg = Release|Any CPU
		{8D3A019C-E102-47D2-A635-59A6D1CA1B0C}.Release|Any CPU.Build.0 = Release|Any CPU
		{8D3A019C-E102-47D2-A635-59A6D1CA1B0C}.Release|ARM.ActiveCfg = Release|Any CPU
		{8D3A019C-E102-47D2-A635-59A6D1CA1B0C}.Release|ARM.Build.0 = Release|Any CPU
		{8D3A019C-E102-47D2-A635-59A6D1CA1B0C}.Release|ARM64.ActiveCfg = Release|Any CPU
		{8D3A019C-E102-47D2-A635-59A6D1CA1B0C}.Release|ARM64.Build.0 = Release|Any CPU
		{8D3A019C-E102-47D2-A635-59A6D1CA1B0C}.Release|x64.ActiveCfg = Release|Any CPU
		{8D3A019C-E102-47D2-A635-59A6D1CA1B0C}.Release|x64.Build.0 = Release|Any CPU
		{8D3A019C-E102-47D2-A635-59A6D1CA1B0C}.Release|x86.ActiveCfg = Release|Any CPU
		{8D3A019C-E102-47D2-A635-59A6D1CA1B0C}.Release|x86.Build.0 = Release|Any CPU
	EndGlobalSection
	GlobalSection(SolutionProperties) = preSolution
		HideSolutionNode = FALSE
	EndGlobalSection
	GlobalSection(NestedProjects) = preSolution
		{17F5D9A9-B4A6-4ED8-A70C-133CD2663059} = {CCB258A4-6887-47CB-8D95-A3CC69CF5DCB}
		{81EF89B9-5CDB-4940-A359-7C0E27B1BC78} = {CCB258A4-6887-47CB-8D95-A3CC69CF5DCB}
		{1DFC8441-045E-4D62-BD79-13F6A135EB8C} = {B98AF11A-E296-40CE-ACDE-EB2F8BB46695}
		{8D3A019C-E102-47D2-A635-59A6D1CA1B0C} = {B98AF11A-E296-40CE-ACDE-EB2F8BB46695}
	EndGlobalSection
	GlobalSection(ExtensibilityGlobals) = postSolution
		SolutionGuid = {31FFB454-F9E2-4B33-BCBA-5BF48FA94C4A}
	EndGlobalSection
EndGlobal
